
Microsoft Visual Studio Solution File, Format Version 12.00
# Visual Studio Version 16
VisualStudioVersion = 16.0.29326.143
MinimumVisualStudioVersion = 10.0.40219.1
Project("{FAE04EC0-301F-11D3-BF4B-00C04F79EFBC}") = "BarberShop", "BarberShop\BarberShop.csproj", "{B33ACDBF-C7DA-4A60-8956-55549FFF5522}"
EndProject
Global
	GlobalSection(SolutionConfigurationPlatforms) = preSolution
		Debug|Any CPU = Debug|Any CPU
		Release|Any CPU = Release|Any CPU
	EndGlobalSection
	GlobalSection(ProjectConfigurationPlatforms) = postSolution
		{B33ACDBF-C7DA-4A60-8956-55549FFF5522}.Debug|Any CPU.ActiveCfg = Debug|Any CPU
		{B33ACDBF-C7DA-4A60-8956-55549FFF5522}.Debug|Any CPU.Build.0 = Debug|Any CPU
		{B33ACDBF-C7DA-4A60-8956-55549FFF5522}.Release|Any CPU.ActiveCfg = Release|Any CPU
		{B33ACDBF-C7DA-4A60-8956-55549FFF5522}.Release|Any CPU.Build.0 = Release|Any CPU
	EndGlobalSection
	GlobalSection(SolutionProperties) = preSolution
		HideSolutionNode = FALSE
	EndGlobalSection
	GlobalSection(ExtensibilityGlobals) = postSolution
		SolutionGuid = {D615D9C6-3936-406B-BD6F-EF7C9486E6B4}
	EndGlobalSection
EndGlobal
